("quicklisp" .
 (:class qlot/source/dist:source-dist
  :initargs (:distribution "https://beta.quicklisp.org/dist/quicklisp.txt" :%version :latest)
  :version "2026-01-01"))
("bordeaux-threads" .
 (:class qlot/source/ql:source-ql
  :initargs (:%version "2026-01-01")
  :version "ql-2024-10-12"))
("serapeum" .
 (:class qlot/source/ql:source-ql
  :initargs (:%version "2026-01-01")
  :version "ql-2026-01-01"))
("argo" .
 (:class qlot/source/git:source-git
  :initargs (:remote-url "https://github.com/lambda-symbolics/argo.git" :ref "3658b947372fb19ae07aca65a439b63b0685ae47")
  :version "git-3658b947372fb19ae07aca65a439b63b0685ae47"))
